
Microsoft Visual Studio Solution File, Format Version 12.00
# Visual Studio Version 16
VisualStudioVersion = 16.0.29905.134
MinimumVisualStudioVersion = 10.0.40219.1
Project("{FAE04EC0-301F-11D3-BF4B-00C04F79EFBC}") = "EligibilityTool", "EligibilityTool.csproj", "{06587A2A-B3A4-4289-A525-36C2EAAFB98B}"
EndProject
Project("{FAE04EC0-301F-11D3-BF4B-00C04F79EFBC}") = "EligibilityTool.Tests", "..\EligibilityTool.Tests\EligibilityTool.Tests.csproj", "{36DCE0F3-24F6-4C49-9244-19AA6905F618}"
EndProject
Global
	GlobalSection(SolutionConfigurationPlatforms) = preSolution
		Debug|Any CPU = Debug|Any CPU
		Release|Any CPU = Release|Any CPU
	EndGlobalSection
	GlobalSection(ProjectConfigurationPlatforms) = postSolution
		{06587A2A-B3A4-4289-A525-36C2EAAFB98B}.Debug|Any CPU.ActiveCfg = Debug|Any CPU
		{06587A2A-B3A4-4289-A525-36C2EAAFB98B}.Debug|Any CPU.Build.0 = Debug|Any CPU
		{06587A2A-B3A4-4289-A525-36C2EAAFB98B}.Release|Any CPU.ActiveCfg = Release|Any CPU
		{06587A2A-B3A4-4289-A525-36C2EAAFB98B}.Release|Any CPU.Build.0 = Release|Any CPU
		{36DCE0F3-24F6-4C49-9244-19AA6905F618}.Debug|Any CPU.ActiveCfg = Debug|Any CPU
		{36DCE0F3-24F6-4C49-9244-19AA6905F618}.Debug|Any CPU.Build.0 = Debug|Any CPU
		{36DCE0F3-24F6-4C49-9244-19AA6905F618}.Release|Any CPU.ActiveCfg = Release|Any CPU
		{36DCE0F3-24F6-4C49-9244-19AA6905F618}.Release|Any CPU.Build.0 = Release|Any CPU
	EndGlobalSection
	GlobalSection(SolutionProperties) = preSolution
		HideSolutionNode = FALSE
	EndGlobalSection
	GlobalSection(ExtensibilityGlobals) = postSolution
		SolutionGuid = {0BDAB24A-2BAD-4267-A36F-082AF5495A18}
	EndGlobalSection
EndGlobal
